dependencies:
- name: loki
  repository: https://grafana.github.io/helm-charts
  version: 2.16.0
- name: promtail
  repository: https://grafana.github.io/helm-charts
  version: 6.17.0
- name: fluent-bit
  repository: https://grafana.github.io/helm-charts
  version: 2.6.0
- name: grafana
  repository: https://grafana.github.io/helm-charts
  version: 6.43.5
- name: prometheus
  repository: https://prometheus-community.github.io/helm-charts
  version: 19.7.2
- name: filebeat
  repository: https://helm.elastic.co
  version: 7.17.3
- name: logstash
  repository: https://helm.elastic.co
  version: 7.17.3
digest: sha256:f8c01bb6ec6d4e1e9c6ab39af858a3c048446f6a44b14508854d4d3afd299a14
generated: "2025-10-31T19:30:59.818154669Z"
